
Microsoft Visual Studio Solution File, Format Version 12.00
# Visual Studio Version 17
VisualStudioVersion = 17.3.32825.248
MinimumVisualStudioVersion = 10.0.40219.1
Project("{8BC9CEB8-8B4A-11D0-8D11-00A0C91BC942}") = "OpenGL_05", "OpenGL_05.vcxproj", "{E5D186B9-4528-44D6-82E4-511C4FBE675C}"
EndProject
Global
	GlobalSection(SolutionConfigurationPlatforms) = preSolution
		Debug|x64 = Debug|x64
		Debug|x86 = Debug|x86
		Release|x64 = Release|x64
		Release|x86 = Release|x86
	EndGlobalSection
	GlobalSection(ProjectConfigurationPlatforms) = postSolution
		{E5D186B9-4528-44D6-82E4-511C4FBE675C}.Debug|x64.ActiveCfg = Debug|x64
		{E5D186B9-4528-44D6-82E4-511C4FBE675C}.Debug|x64.Build.0 = Debug|x64
		{E5D186B9-4528-44D6-82E4-511C4FBE675C}.Debug|x86.ActiveCfg = Debug|Win32
		{E5D186B9-4528-44D6-82E4-511C4FBE675C}.Debug|x86.Build.0 = Debug|Win32
		{E5D186B9-4528-44D6-82E4-511C4FBE675C}.Release|x64.ActiveCfg = Release|x64
		{E5D186B9-4528-44D6-82E4-511C4FBE675C}.Release|x64.Build.0 = Release|x64
		{E5D186B9-4528-44D6-82E4-511C4FBE675C}.Release|x86.ActiveCfg = Release|Win32
		{E5D186B9-4528-44D6-82E4-511C4FBE675C}.Release|x86.Build.0 = Release|Win32
	EndGlobalSection
	GlobalSection(SolutionProperties) = preSolution
		HideSolutionNode = FALSE
	EndGlobalSection
	GlobalSection(ExtensibilityGlobals) = postSolution
		SolutionGuid = {3D983AAA-1302-48EE-B76F-A5B0CD925221}
	EndGlobalSection
EndGlobal
