
Microsoft Visual Studio Solution File, Format Version 12.00
# Visual Studio Version 17
VisualStudioVersion = 17.3.32825.248
MinimumVisualStudioVersion = 10.0.40219.1
Project("{8BC9CEB8-8B4A-11D0-8D11-00A0C91BC942}") = "OpenGL_01", "OpenGL_01.vcxproj", "{BA5DA97E-2E8A-4C95-BF3D-F717AFF21D43}"
EndProject
Global
	GlobalSection(SolutionConfigurationPlatforms) = preSolution
		Debug|x64 = Debug|x64
		Debug|x86 = Debug|x86
		Release|x64 = Release|x64
		Release|x86 = Release|x86
	EndGlobalSection
	GlobalSection(ProjectConfigurationPlatforms) = postSolution
		{BA5DA97E-2E8A-4C95-BF3D-F717AFF21D43}.Debug|x64.ActiveCfg = Debug|x64
		{BA5DA97E-2E8A-4C95-BF3D-F717AFF21D43}.Debug|x64.Build.0 = Debug|x64
		{BA5DA97E-2E8A-4C95-BF3D-F717AFF21D43}.Debug|x86.ActiveCfg = Debug|Win32
		{BA5DA97E-2E8A-4C95-BF3D-F717AFF21D43}.Debug|x86.Build.0 = Debug|Win32
		{BA5DA97E-2E8A-4C95-BF3D-F717AFF21D43}.Release|x64.ActiveCfg = Release|x64
		{BA5DA97E-2E8A-4C95-BF3D-F717AFF21D43}.Release|x64.Build.0 = Release|x64
		{BA5DA97E-2E8A-4C95-BF3D-F717AFF21D43}.Release|x86.ActiveCfg = Release|Win32
		{BA5DA97E-2E8A-4C95-BF3D-F717AFF21D43}.Release|x86.Build.0 = Release|Win32
	EndGlobalSection
	GlobalSection(SolutionProperties) = preSolution
		HideSolutionNode = FALSE
	EndGlobalSection
	GlobalSection(ExtensibilityGlobals) = postSolution
		SolutionGuid = {BA064F1D-2C53-418A-BAC6-9140F589DD86}
	EndGlobalSection
EndGlobal
