
Microsoft Visual Studio Solution File, Format Version 12.00
# Visual Studio Version 17
VisualStudioVersion = 17.3.32825.248
MinimumVisualStudioVersion = 10.0.40219.1
Project("{8BC9CEB8-8B4A-11D0-8D11-00A0C91BC942}") = "3M", "3M.vcxproj", "{25FFDE83-6443-44C3-9FDC-7363FCE3242D}"
EndProject
Global
	GlobalSection(SolutionConfigurationPlatforms) = preSolution
		Debug|x64 = Debug|x64
		Debug|x86 = Debug|x86
		Release|x64 = Release|x64
		Release|x86 = Release|x86
	EndGlobalSection
	GlobalSection(ProjectConfigurationPlatforms) = postSolution
		{25FFDE83-6443-44C3-9FDC-7363FCE3242D}.Debug|x64.ActiveCfg = Debug|x64
		{25FFDE83-6443-44C3-9FDC-7363FCE3242D}.Debug|x64.Build.0 = Debug|x64
		{25FFDE83-6443-44C3-9FDC-7363FCE3242D}.Debug|x86.ActiveCfg = Debug|Win32
		{25FFDE83-6443-44C3-9FDC-7363FCE3242D}.Debug|x86.Build.0 = Debug|Win32
		{25FFDE83-6443-44C3-9FDC-7363FCE3242D}.Release|x64.ActiveCfg = Release|x64
		{25FFDE83-6443-44C3-9FDC-7363FCE3242D}.Release|x64.Build.0 = Release|x64
		{25FFDE83-6443-44C3-9FDC-7363FCE3242D}.Release|x86.ActiveCfg = Release|Win32
		{25FFDE83-6443-44C3-9FDC-7363FCE3242D}.Release|x86.Build.0 = Release|Win32
	EndGlobalSection
	GlobalSection(SolutionProperties) = preSolution
		HideSolutionNode = FALSE
	EndGlobalSection
	GlobalSection(ExtensibilityGlobals) = postSolution
		SolutionGuid = {C0F7DB54-3EFD-472B-88F8-ECE2A9E99BCE}
	EndGlobalSection
EndGlobal
